
Microsoft Visual Studio Solution File, Format Version 12.00
# Visual Studio Version 16
VisualStudioVersion = 16.0.29324.140
MinimumVisualStudioVersion = 10.0.40219.1
Project("{FAE04EC0-301F-11D3-BF4B-00C04F79EFBC}") = "ConsoleApp2", "ConsoleApp2.csproj", "{A308DCBB-9CF6-451E-B30D-12945F28A353}"
EndProject
Global
	GlobalSection(SolutionConfigurationPlatforms) = preSolution
		Debug|Any CPU = Debug|Any CPU
		Release|Any CPU = Release|Any CPU
	EndGlobalSection
	GlobalSection(ProjectConfigurationPlatforms) = postSolution
		{A308DCBB-9CF6-451E-B30D-12945F28A353}.Debug|Any CPU.ActiveCfg = Debug|Any CPU
		{A308DCBB-9CF6-451E-B30D-12945F28A353}.Debug|Any CPU.Build.0 = Debug|Any CPU
		{A308DCBB-9CF6-451E-B30D-12945F28A353}.Release|Any CPU.ActiveCfg = Release|Any CPU
		{A308DCBB-9CF6-451E-B30D-12945F28A353}.Release|Any CPU.Build.0 = Release|Any CPU
	EndGlobalSection
	GlobalSection(SolutionProperties) = preSolution
		HideSolutionNode = FALSE
	EndGlobalSection
	GlobalSection(ExtensibilityGlobals) = postSolution
		SolutionGuid = {0B4158A9-4D15-4D76-B9DF-F0B702539968}
	EndGlobalSection
EndGlobal
